Microsoft Visual Studio Solution File, Format Version 12.00
# Visual Studio Version 17
VisualStudioVersion = 17.5.2.0
MinimumVisualStudioVersion = 10.0.40219.1
Project("{FAE04EC0-301F-11D3-BF4B-00C04F79EFBC}") = "func_contosoconsentsmgmt", "func_contosoconsentsmgmt\func_contosoconsentsmgmt.csproj", "{51D35E54-0D9E-0942-A15C-B23C6FAC26EC}"
EndProject
Project("{2150E333-8FDC-42A3-9474-1A3956D46DE8}") = "func_contosoconsentsmgmt (1)", "func_contosoconsentsmgmt (1)", "{9A670A63-2AFE-78B3-6E72-8AEA2DE53677}"
EndProject
Project("{2150E333-8FDC-42A3-9474-1A3956D46DE8}") = "obj", "obj", "{97C20BD2-4B15-91AB-5BA8-665EEE9CB985}"
EndProject
Project("{2150E333-8FDC-42A3-9474-1A3956D46DE8}") = "Release", "Release", "{42E741DC-1BC1-4BA7-EAC8-9F38AFC8287B}"
EndProject
Project("{2150E333-8FDC-42A3-9474-1A3956D46DE8}") = "net8.0", "net8.0", "{F033E3BC-85EF-3920-4FBC-37DA6B2C162D}"
EndProject
Project("{FAE04EC0-301F-11D3-BF4B-00C04F79EFBC}") = "WorkerExtensions", "func_contosoconsentsmgmt\obj\Release\net8.0\WorkerExtensions\WorkerExtensions.csproj", "{46A89D50-87D9-E0BC-B8A6-6095130983B7}"
EndProject
Global
	GlobalSection(SolutionConfigurationPlatforms) = preSolution
		Debug|Any CPU = Debug|Any CPU
		Release|Any CPU = Release|Any CPU
	EndGlobalSection
	GlobalSection(ProjectConfigurationPlatforms) = postSolution
		{51D35E54-0D9E-0942-A15C-B23C6FAC26EC}.Debug|Any CPU.ActiveCfg = Debug|Any CPU
		{51D35E54-0D9E-0942-A15C-B23C6FAC26EC}.Debug|Any CPU.Build.0 = Debug|Any CPU
		{51D35E54-0D9E-0942-A15C-B23C6FAC26EC}.Release|Any CPU.ActiveCfg = Release|Any CPU
		{51D35E54-0D9E-0942-A15C-B23C6FAC26EC}.Release|Any CPU.Build.0 = Release|Any CPU
		{46A89D50-87D9-E0BC-B8A6-6095130983B7}.Debug|Any CPU.ActiveCfg = Debug|Any CPU
		{46A89D50-87D9-E0BC-B8A6-6095130983B7}.Debug|Any CPU.Build.0 = Debug|Any CPU
		{46A89D50-87D9-E0BC-B8A6-6095130983B7}.Release|Any CPU.ActiveCfg = Release|Any CPU
		{46A89D50-87D9-E0BC-B8A6-6095130983B7}.Release|Any CPU.Build.0 = Release|Any CPU
	EndGlobalSection
	GlobalSection(SolutionProperties) = preSolution
		HideSolutionNode = FALSE
	EndGlobalSection
	GlobalSection(NestedProjects) = preSolution
		{97C20BD2-4B15-91AB-5BA8-665EEE9CB985} = {9A670A63-2AFE-78B3-6E72-8AEA2DE53677}
		{42E741DC-1BC1-4BA7-EAC8-9F38AFC8287B} = {97C20BD2-4B15-91AB-5BA8-665EEE9CB985}
		{F033E3BC-85EF-3920-4FBC-37DA6B2C162D} = {42E741DC-1BC1-4BA7-EAC8-9F38AFC8287B}
		{46A89D50-87D9-E0BC-B8A6-6095130983B7} = {F033E3BC-85EF-3920-4FBC-37DA6B2C162D}
	EndGlobalSection
	GlobalSection(ExtensibilityGlobals) = postSolution
		SolutionGuid = {2AD7D19E-76FE-441B-A70A-E7FA576F7EF7}
	EndGlobalSection
EndGlobal
